// !$*UTF8*$!
{
	archiveVersion = 1;
	classes = {
	};
	objectVersion = 56;
	objects = {

/* Begin PBXBuildFile section */
		D16446562A8DFF9300E6E4B2 /* AppDelegate.swift in Sources */ = {isa = PBXBuildFile; fileRef = D16446552A8DFF9300E6E4B2 /* AppDelegate.swift */; };
		D164465A2A8DFF9300E6E4B2 /* CharactersViewController.swift in Sources */ = {isa = PBXBuildFile; fileRef = D16446592A8DFF9300E6E4B2 /* CharactersViewController.swift */; };
		D164465F2A8DFF9400E6E4B2 /* Assets.xcassets in Resources */ = {isa = PBXBuildFile; fileRef = D164465E2A8DFF9400E6E4B2 /* Assets.xcassets */; };
		D16446622A8DFF9400E6E4B2 /* LaunchScreen.storyboard in Resources */ = {isa = PBXBuildFile; fileRef = D16446602A8DFF9400E6E4B2 /* LaunchScreen.storyboard */; };
		D164466A2A8E11F500E6E4B2 /* CharactersCollectionViewCell.swift in Sources */ = {isa = PBXBuildFile; fileRef = D16446692A8E11F500E6E4B2 /* CharactersCollectionViewCell.swift */; };
		D164466E2A8E253400E6E4B2 /* CharactersModel.swift in Sources */ = {isa = PBXBuildFile; fileRef = D164466D2A8E253400E6E4B2 /* CharactersModel.swift */; };
		D16446702A8E255500E6E4B2 /* MainService.swift in Sources */ = {isa = PBXBuildFile; fileRef = D164466F2A8E255500E6E4B2 /* MainService.swift */; };
		D16446732A8E2BE900E6E4B2 /* CharactersPresenter.swift in Sources */ = {isa = PBXBuildFile; fileRef = D16446722A8E2BE900E6E4B2 /* CharactersPresenter.swift */; };
		D16446752A8E8A0600E6E4B2 /* DetailsViewController.swift in Sources */ = {isa = PBXBuildFile; fileRef = D16446742A8E8A0600E6E4B2 /* DetailsViewController.swift */; };
		D16446772A8E8A1800E6E4B2 /* DetailsPresenter.swift in Sources */ = {isa = PBXBuildFile; fileRef = D16446762A8E8A1800E6E4B2 /* DetailsPresenter.swift */; };
		D164467B2A8F5A3B00E6E4B2 /* DetailsNameTableViewCell.swift in Sources */ = {isa = PBXBuildFile; fileRef = D164467A2A8F5A3B00E6E4B2 /* DetailsNameTableViewCell.swift */; };
		D164467D2A8F690D00E6E4B2 /* DetailsInfoTableViewCell.swift in Sources */ = {isa = PBXBuildFile; fileRef = D164467C2A8F690D00E6E4B2 /* DetailsInfoTableViewCell.swift */; };
		D164467F2A90B39600E6E4B2 /* DetailsOriginTableViewCell.swift in Sources */ = {isa = PBXBuildFile; fileRef = D164467E2A90B39600E6E4B2 /* DetailsOriginTableViewCell.swift */; };
		D16446812A90D4B000E6E4B2 /* DetailsEpisodesTabelViewCell.swift in Sources */ = {isa = PBXBuildFile; fileRef = D16446802A90D4B000E6E4B2 /* DetailsEpisodesTabelViewCell.swift */; };
		D16446832A92497500E6E4B2 /* EpisodesModel.swift in Sources */ = {isa = PBXBuildFile; fileRef = D16446822A92497500E6E4B2 /* EpisodesModel.swift */; };
		D16446852A924AB500E6E4B2 /* CharacterWithEpizode.swift in Sources */ = {isa = PBXBuildFile; fileRef = D16446842A924AB500E6E4B2 /* CharacterWithEpizode.swift */; };
		D17662EE2A93B93B00B4DF16 /* .gitignore in Resources */ = {isa = PBXBuildFile; fileRef = D17662ED2A93B93B00B4DF16 /* .gitignore */; };
		E69D7EFCDB0F0A90C0B3884B /* Pods_RickAndMortyApp.framework in Frameworks */ = {isa = PBXBuildFile; fileRef = E4B3AE4ED3A22251FA037A63 /* Pods_RickAndMortyApp.framework */; };
/* End PBXBuildFile section */

/* Begin PBXFileReference section */
		CEA347D1EE11166C7BBA81B5 /* Pods-RickAndMortyApp.debug.xcconfig */ = {isa = PBXFileReference; includeInIndex = 1; lastKnownFileType = text.xcconfig; name = "Pods-RickAndMortyApp.debug.xcconfig"; path = "Target Support Files/Pods-RickAndMortyApp/Pods-RickAndMortyApp.debug.xcconfig"; sourceTree = "<group>"; };
		D16446522A8DFF9300E6E4B2 /* RickAndMortyApp.app */ = {isa = PBXFileReference; explicitFileType = wrapper.application; includeInIndex = 0; path = RickAndMortyApp.app; sourceTree = BUILT_PRODUCTS_DIR; };
		D16446552A8DFF9300E6E4B2 /* AppDelegate.swift */ = {isa = PBXFileReference; lastKnownFileType = sourcecode.swift; path = AppDelegate.swift; sourceTree = "<group>"; };
		D16446592A8DFF9300E6E4B2 /* CharactersViewController.swift */ = {isa = PBXFileReference; lastKnownFileType = sourcecode.swift; path = CharactersViewController.swift; sourceTree = "<group>"; };
		D164465E2A8DFF9400E6E4B2 /* Assets.xcassets */ = {isa = PBXFileReference; lastKnownFileType = folder.assetcatalog; path = Assets.xcassets; sourceTree = "<group>"; };
		D16446612A8DFF9400E6E4B2 /* Base */ = {isa = PBXFileReference; lastKnownFileType = file.storyboard; name = Base; path = Base.lproj/LaunchScreen.storyboard; sourceTree = "<group>"; };
		D16446632A8DFF9400E6E4B2 /* Info.plist */ = {isa = PBXFileReference; lastKnownFileType = text.plist.xml; path = Info.plist; sourceTree = "<group>"; };
		D16446692A8E11F500E6E4B2 /* CharactersCollectionViewCell.swift */ = {isa = PBXFileReference; lastKnownFileType = sourcecode.swift; path = CharactersCollectionViewCell.swift; sourceTree = "<group>"; };
		D164466D2A8E253400E6E4B2 /* CharactersModel.swift */ = {isa = PBXFileReference; lastKnownFileType = sourcecode.swift; path = CharactersModel.swift; sourceTree = "<group>"; };
		D164466F2A8E255500E6E4B2 /* MainService.swift */ = {isa = PBXFileReference; lastKnownFileType = sourcecode.swift; path = MainService.swift; sourceTree = "<group>"; };
		D16446722A8E2BE900E6E4B2 /* CharactersPresenter.swift */ = {isa = PBXFileReference; lastKnownFileType = sourcecode.swift; path = CharactersPresenter.swift; sourceTree = "<group>"; };
		D16446742A8E8A0600E6E4B2 /* DetailsViewController.swift */ = {isa = PBXFileReference; lastKnownFileType = sourcecode.swift; path = DetailsViewController.swift; sourceTree = "<group>"; };
		D16446762A8E8A1800E6E4B2 /* DetailsPresenter.swift */ = {isa = PBXFileReference; lastKnownFileType = sourcecode.swift; path = DetailsPresenter.swift; sourceTree = "<group>"; };
		D164467A2A8F5A3B00E6E4B2 /* DetailsNameTableViewCell.swift */ = {isa = PBXFileReference; lastKnownFileType = sourcecode.swift; path = DetailsNameTableViewCell.swift; sourceTree = "<group>"; };
		D164467C2A8F690D00E6E4B2 /* DetailsInfoTableViewCell.swift */ = {isa = PBXFileReference; lastKnownFileType = sourcecode.swift; path = DetailsInfoTableViewCell.swift; sourceTree = "<group>"; };
		D164467E2A90B39600E6E4B2 /* DetailsOriginTableViewCell.swift */ = {isa = PBXFileReference; lastKnownFileType = sourcecode.swift; path = DetailsOriginTableViewCell.swift; sourceTree = "<group>"; };
		D16446802A90D4B000E6E4B2 /* DetailsEpisodesTabelViewCell.swift */ = {isa = PBXFileReference; lastKnownFileType = sourcecode.swift; path = DetailsEpisodesTabelViewCell.swift; sourceTree = "<group>"; };
		D16446822A92497500E6E4B2 /* EpisodesModel.swift */ = {isa = PBXFileReference; lastKnownFileType = sourcecode.swift; path = EpisodesModel.swift; sourceTree = "<group>"; };
		D16446842A924AB500E6E4B2 /* CharacterWithEpizode.swift */ = {isa = PBXFileReference; lastKnownFileType = sourcecode.swift; path = CharacterWithEpizode.swift; sourceTree = "<group>"; };
		D17662ED2A93B93B00B4DF16 /* .gitignore */ = {isa = PBXFileReference; lastKnownFileType = text; path = .gitignore; sourceTree = "<group>"; };
		D3B57172F087F1CA07F0E82C /* Pods-RickAndMortyApp.release.xcconfig */ = {isa = PBXFileReference; includeInIndex = 1; lastKnownFileType = text.xcconfig; name = "Pods-RickAndMortyApp.release.xcconfig"; path = "Target Support Files/Pods-RickAndMortyApp/Pods-RickAndMortyApp.release.xcconfig"; sourceTree = "<group>"; };
		E4B3AE4ED3A22251FA037A63 /* Pods_RickAndMortyApp.framework */ = {isa = PBXFileReference; explicitFileType = wrapper.framework; includeInIndex = 0; path = Pods_RickAndMortyApp.framework; sourceTree = BUILT_PRODUCTS_DIR; };
/* End PBXFileReference section */

/* Begin PBXFrameworksBuildPhase section */
		D164464F2A8DFF9300E6E4B2 /* Frameworks */ = {
			isa = PBXFrameworksBuildPhase;
			buildActionMask = 2147483647;
			files = (
				E69D7EFCDB0F0A90C0B3884B /* Pods_RickAndMortyApp.framework in Frameworks */,
			);
			runOnlyForDeploymentPostprocessing = 0;
		};
/* End PBXFrameworksBuildPhase section */

/* Begin PBXGroup section */
		A4E11F869AC10D8B2C405AED /* Pods */ = {
			isa = PBXGroup;
			children = (
				CEA347D1EE11166C7BBA81B5 /* Pods-RickAndMortyApp.debug.xcconfig */,
				D3B57172F087F1CA07F0E82C /* Pods-RickAndMortyApp.release.xcconfig */,
			);
			path = Pods;
			sourceTree = "<group>";
		};
		BF3B763B1BDFBEFE73DBE90D /* Frameworks */ = {
			isa = PBXGroup;
			children = (
				E4B3AE4ED3A22251FA037A63 /* Pods_RickAndMortyApp.framework */,
			);
			name = Frameworks;
			sourceTree = "<group>";
		};
		D16446492A8DFF9300E6E4B2 = {
			isa = PBXGroup;
			children = (
				D16446542A8DFF9300E6E4B2 /* RickAndMortyApp */,
				D16446532A8DFF9300E6E4B2 /* Products */,
				A4E11F869AC10D8B2C405AED /* Pods */,
				BF3B763B1BDFBEFE73DBE90D /* Frameworks */,
			);
			sourceTree = "<group>";
		};
		D16446532A8DFF9300E6E4B2 /* Products */ = {
			isa = PBXGroup;
			children = (
				D16446522A8DFF9300E6E4B2 /* RickAndMortyApp.app */,
			);
			name = Products;
			sourceTree = "<group>";
		};
		D16446542A8DFF9300E6E4B2 /* RickAndMortyApp */ = {
			isa = PBXGroup;
			children = (
				D16446552A8DFF9300E6E4B2 /* AppDelegate.swift */,
				D16446782A8E8A2200E6E4B2 /* Characters */,
				D16446792A8E8A2D00E6E4B2 /* Details */,
				D16446712A8E256500E6E4B2 /* Network */,
				D164465E2A8DFF9400E6E4B2 /* Assets.xcassets */,
				D16446602A8DFF9400E6E4B2 /* LaunchScreen.storyboard */,
				D16446632A8DFF9400E6E4B2 /* Info.plist */,
				D17662ED2A93B93B00B4DF16 /* .gitignore */,
			);
			path = RickAndMortyApp;
			sourceTree = "<group>";
		};
		D16446712A8E256500E6E4B2 /* Network */ = {
			isa = PBXGroup;
			children = (
				D164466F2A8E255500E6E4B2 /* MainService.swift */,
				D164466D2A8E253400E6E4B2 /* CharactersModel.swift */,
				D16446822A92497500E6E4B2 /* EpisodesModel.swift */,
				D16446842A924AB500E6E4B2 /* CharacterWithEpizode.swift */,
			);
			path = Network;
			sourceTree = "<group>";
		};
		D16446782A8E8A2200E6E4B2 /* Characters */ = {
			isa = PBXGroup;
			children = (
				D16446692A8E11F500E6E4B2 /* CharactersCollectionViewCell.swift */,
				D16446592A8DFF9300E6E4B2 /* CharactersViewController.swift */,
				D16446722A8E2BE900E6E4B2 /* CharactersPresenter.swift */,
			);
			path = Characters;
			sourceTree = "<group>";
		};
		D16446792A8E8A2D00E6E4B2 /* Details */ = {
			isa = PBXGroup;
			children = (
				D164467A2A8F5A3B00E6E4B2 /* DetailsNameTableViewCell.swift */,
				D164467C2A8F690D00E6E4B2 /* DetailsInfoTableViewCell.swift */,
				D164467E2A90B39600E6E4B2 /* DetailsOriginTableViewCell.swift */,
				D16446802A90D4B000E6E4B2 /* DetailsEpisodesTabelViewCell.swift */,
				D16446742A8E8A0600E6E4B2 /* DetailsViewController.swift */,
				D16446762A8E8A1800E6E4B2 /* DetailsPresenter.swift */,
			);
			path = Details;
			sourceTree = "<group>";
		};
/* End PBXGroup section */

/* Begin PBXNativeTarget section */
		D16446512A8DFF9300E6E4B2 /* RickAndMortyApp */ = {
			isa = PBXNativeTarget;
			buildConfigurationList = D16446662A8DFF9400E6E4B2 /* Build configuration list for PBXNativeTarget "RickAndMortyApp" */;
			buildPhases = (
				A11FD6A744F7E35953FBB096 /* [CP] Check Pods Manifest.lock */,
				D164464E2A8DFF9300E6E4B2 /* Sources */,
				D164464F2A8DFF9300E6E4B2 /* Frameworks */,
				D16446502A8DFF9300E6E4B2 /* Resources */,
				CA7B471579124F20E92706DF /* [CP] Embed Pods Frameworks */,
			);
			buildRules = (
			);
			dependencies = (
			);
			name = RickAndMortyApp;
			productName = RickAndMortyApp;
			productReference = D16446522A8DFF9300E6E4B2 /* RickAndMortyApp.app */;
			productType = "com.apple.product-type.application";
		};
/* End PBXNativeTarget section */

/* Begin PBXProject section */
		D164464A2A8DFF9300E6E4B2 /* Project object */ = {
			isa = PBXProject;
			attributes = {
				BuildIndependentTargetsInParallel = 1;
				LastSwiftUpdateCheck = 1420;
				LastUpgradeCheck = 1420;
				TargetAttributes = {
					D16446512A8DFF9300E6E4B2 = {
						CreatedOnToolsVersion = 14.2;
					};
				};
			};
			buildConfigurationList = D164464D2A8DFF9300E6E4B2 /* Build configuration list for PBXProject "RickAndMortyApp" */;
			compatibilityVersion = "Xcode 14.0";
			developmentRegion = en;
			hasScannedForEncodings = 0;
			knownRegions = (
				en,
				Base,
			);
			mainGroup = D16446492A8DFF9300E6E4B2;
			productRefGroup = D16446532A8DFF9300E6E4B2 /* Products */;
			projectDirPath = "";
			projectRoot = "";
			targets = (
				D16446512A8DFF9300E6E4B2 /* RickAndMortyApp */,
			);
		};
/* End PBXProject section */

/* Begin PBXResourcesBuildPhase section */
		D16446502A8DFF9300E6E4B2 /* Resources */ = {
			isa = PBXResourcesBuildPhase;
			buildActionMask = 2147483647;
			files = (
				D16446622A8DFF9400E6E4B2 /* LaunchScreen.storyboard in Resources */,
				D17662EE2A93B93B00B4DF16 /* .gitignore in Resources */,
				D164465F2A8DFF9400E6E4B2 /* Assets.xcassets in Resources */,
			);
			runOnlyForDeploymentPostprocessing = 0;
		};
/* End PBXResourcesBuildPhase section */

/* Begin PBXShellScriptBuildPhase section */
		A11FD6A744F7E35953FBB096 /* [CP] Check Pods Manifest.lock */ = {
			isa = PBXShellScriptBuildPhase;
			buildActionMask = 2147483647;
			files = (
			);
			inputFileListPaths = (
			);
			inputPaths = (
				"${PODS_PODFILE_DIR_PATH}/Podfile.lock",
				"${PODS_ROOT}/Manifest.lock",
			);
			name = "[CP] Check Pods Manifest.lock";
			outputFileListPaths = (
			);
			outputPaths = (
				"$(DERIVED_FILE_DIR)/Pods-RickAndMortyApp-checkManifestLockResult.txt",
			);
			runOnlyForDeploymentPostprocessing = 0;
			shellPath = /bin/sh;
			shellScript = "diff \"${PODS_PODFILE_DIR_PATH}/Podfile.lock\" \"${PODS_ROOT}/Manifest.lock\" > /dev/null\nif [ $? != 0 ] ; then\n    # print error to STDERR\n    echo \"error: The sandbox is not in sync with the Podfile.lock. Run 'pod install' or update your CocoaPods installation.\" >&2\n    exit 1\nfi\n# This output is used by Xcode 'outputs' to avoid re-running this script phase.\necho \"SUCCESS\" > \"${SCRIPT_OUTPUT_FILE_0}\"\n";
			showEnvVarsInLog = 0;
		};
		CA7B471579124F20E92706DF /* [CP] Embed Pods Frameworks */ = {
			isa = PBXShellScriptBuildPhase;
			buildActionMask = 2147483647;
			files = (
			);
			inputFileListPaths = (
				"${PODS_ROOT}/Target Support Files/Pods-RickAndMortyApp/Pods-RickAndMortyApp-frameworks-${CONFIGURATION}-input-files.xcfilelist",
			);
			name = "[CP] Embed Pods Frameworks";
			outputFileListPaths = (
				"${PODS_ROOT}/Target Support Files/Pods-RickAndMortyApp/Pods-RickAndMortyApp-frameworks-${CONFIGURATION}-output-files.xcfilelist",
			);
			runOnlyForDeploymentPostprocessing = 0;
			shellPath = /bin/sh;
			shellScript = "\"${PODS_ROOT}/Target Support Files/Pods-RickAndMortyApp/Pods-RickAndMortyApp-frameworks.sh\"\n";
			showEnvVarsInLog = 0;
		};
/* End PBXShellScriptBuildPhase section */

/* Begin PBXSourcesBuildPhase section */
		D164464E2A8DFF9300E6E4B2 /* Sources */ = {
			isa = PBXSourcesBuildPhase;
			buildActionMask = 2147483647;
			files = (
				D164466E2A8E253400E6E4B2 /* CharactersModel.swift in Sources */,
				D164467D2A8F690D00E6E4B2 /* DetailsInfoTableViewCell.swift in Sources */,
				D164465A2A8DFF9300E6E4B2 /* CharactersViewController.swift in Sources */,
				D164467B2A8F5A3B00E6E4B2 /* DetailsNameTableViewCell.swift in Sources */,
				D16446732A8E2BE900E6E4B2 /* CharactersPresenter.swift in Sources */,
				D16446702A8E255500E6E4B2 /* MainService.swift in Sources */,
				D16446812A90D4B000E6E4B2 /* DetailsEpisodesTabelViewCell.swift in Sources */,
				D16446832A92497500E6E4B2 /* EpisodesModel.swift in Sources */,
				D16446852A924AB500E6E4B2 /* CharacterWithEpizode.swift in Sources */,
				D16446752A8E8A0600E6E4B2 /* DetailsViewController.swift in Sources */,
				D16446562A8DFF9300E6E4B2 /* AppDelegate.swift in Sources */,
				D164466A2A8E11F500E6E4B2 /* CharactersCollectionViewCell.swift in Sources */,
				D164467F2A90B39600E6E4B2 /* DetailsOriginTableViewCell.swift in Sources */,
				D16446772A8E8A1800E6E4B2 /* DetailsPresenter.swift in Sources */,
			);
			runOnlyForDeploymentPostprocessing = 0;
		};
/* End PBXSourcesBuildPhase section */

/* Begin PBXVariantGroup section */
		D16446602A8DFF9400E6E4B2 /* LaunchScreen.storyboard */ = {
			isa = PBXVariantGroup;
			children = (
				D16446612A8DFF9400E6E4B2 /* Base */,
			);
			name = LaunchScreen.storyboard;
			sourceTree = "<group>";
		};
/* End PBXVariantGroup section */

/* Begin XCBuildConfiguration section */
		D16446642A8DFF9400E6E4B2 /* Debug */ = {
			isa = XCBuildConfiguration;
			buildSettings = {
				ALWAYS_SEARCH_USER_PATHS = NO;
				CLANG_ANALYZER_NONNULL = YES;
				CLANG_ANALYZER_NUMBER_OBJECT_CONVERSION = YES_AGGRESSIVE;
				CLANG_CXX_LANGUAGE_STANDARD = "gnu++20";
				CLANG_ENABLE_MODULES = YES;
				CLANG_ENABLE_OBJC_ARC = YES;
				CLANG_ENABLE_OBJC_WEAK = YES;
				CLANG_WARN_BLOCK_CAPTURE_AUTORELEASING = YES;
				CLANG_WARN_BOOL_CONVERSION = YES;
				CLANG_WARN_COMMA = YES;
				CLANG_WARN_CONSTANT_CONVERSION = YES;
				CLANG_WARN_DEPRECATED_OBJC_IMPLEMENTATIONS = YES;
				CLANG_WARN_DIRECT_OBJC_ISA_USAGE = YES_ERROR;
				CLANG_WARN_DOCUMENTATION_COMMENTS = YES;
				CLANG_WARN_EMPTY_BODY = YES;
				CLANG_WARN_ENUM_CONVERSION = YES;
				CLANG_WARN_INFINITE_RECURSION = YES;
				CLANG_WARN_INT_CONVERSION = YES;
				CLANG_WARN_NON_LITERAL_NULL_CONVERSION = YES;
				CLANG_WARN_OBJC_IMPLICIT_RETAIN_SELF = YES;
				CLANG_WARN_OBJC_LITERAL_CONVERSION = YES;
				CLANG_WARN_OBJC_ROOT_CLASS = YES_ERROR;
				CLANG_WARN_QUOTED_INCLUDE_IN_FRAMEWORK_HEADER = YES;
				CLANG_WARN_RANGE_LOOP_ANALYSIS = YES;
				CLANG_WARN_STRICT_PROTOTYPES = YES;
				CLANG_WARN_SUSPICIOUS_MOVE = YES;
				CLANG_WARN_UNGUARDED_AVAILABILITY = YES_AGGRESSIVE;
				CLANG_WARN_UNREACHABLE_CODE = YES;
				CLANG_WARN__DUPLICATE_METHOD_MATCH = YES;
				COPY_PHASE_STRIP = NO;
				DEBUG_INFORMATION_FORMAT = dwarf;
				ENABLE_STRICT_OBJC_MSGSEND = YES;
				ENABLE_TESTABILITY = YES;
				GCC_C_LANGUAGE_STANDARD = gnu11;
				GCC_DYNAMIC_NO_PIC = NO;
				GCC_NO_COMMON_BLOCKS = YES;
				GCC_OPTIMIZATION_LEVEL = 0;
				GCC_PREPROCESSOR_DEFINITIONS = (
					"DEBUG=1",
					"$(inherited)",
				);
				GCC_WARN_64_TO_32_BIT_CONVERSION = YES;
				GCC_WARN_ABOUT_RETURN_TYPE = YES_ERROR;
				GCC_WARN_UNDECLARED_SELECTOR = YES;
				GCC_WARN_UNINITIALIZED_AUTOS = YES_AGGRESSIVE;
				GCC_WARN_UNUSED_FUNCTION = YES;
				GCC_WARN_UNUSED_VARIABLE = YES;
				IPHONEOS_DEPLOYMENT_TARGET = 16.2;
				MTL_ENABLE_DEBUG_INFO = INCLUDE_SOURCE;
				MTL_FAST_MATH = YES;
				ONLY_ACTIVE_ARCH = YES;
				SDKROOT = iphoneos;
				SWIFT_ACTIVE_COMPILATION_CONDITIONS = DEBUG;
				SWIFT_OPTIMIZATION_LEVEL = "-Onone";
			};
			name = Debug;
		};
		D16446652A8DFF9400E6E4B2 /* Release */ = {
			isa = XCBuildConfiguration;
			buildSettings = {
				ALWAYS_SEARCH_USER_PATHS = NO;
				CLANG_ANALYZER_NONNULL = YES;
				CLANG_ANALYZER_NUMBER_OBJECT_CONVERSION = YES_AGGRESSIVE;
				CLANG_CXX_LANGUAGE_STANDARD = "gnu++20";
				CLANG_ENABLE_MODULES = YES;
				CLANG_ENABLE_OBJC_ARC = YES;
				CLANG_ENABLE_OBJC_WEAK = YES;
				CLANG_WARN_BLOCK_CAPTURE_AUTORELEASING = YES;
				CLANG_WARN_BOOL_CONVERSION = YES;
				CLANG_WARN_COMMA = YES;
				CLANG_WARN_CONSTANT_CONVERSION = YES;
				CLANG_WARN_DEPRECATED_OBJC_IMPLEMENTATIONS = YES;
				CLANG_WARN_DIRECT_OBJC_ISA_USAGE = YES_ERROR;
				CLANG_WARN_DOCUMENTATION_COMMENTS = YES;
				CLANG_WARN_EMPTY_BODY = YES;
				CLANG_WARN_ENUM_CONVERSION = YES;
				CLANG_WARN_INFINITE_RECURSION = YES;
				CLANG_WARN_INT_CONVERSION = YES;
				CLANG_WARN_NON_LITERAL_NULL_CONVERSION = YES;
				CLANG_WARN_OBJC_IMPLICIT_RETAIN_SELF = YES;
				CLANG_WARN_OBJC_LITERAL_CONVERSION = YES;
				CLANG_WARN_OBJC_ROOT_CLASS = YES_ERROR;
				CLANG_WARN_QUOTED_INCLUDE_IN_FRAMEWORK_HEADER = YES;
				CLANG_WARN_RANGE_LOOP_ANALYSIS = YES;
				CLANG_WARN_STRICT_PROTOTYPES = YES;
				CLANG_WARN_SUSPICIOUS_MOVE = YES;
				CLANG_WARN_UNGUARDED_AVAILABILITY = YES_AGGRESSIVE;
				CLANG_WARN_UNREACHABLE_CODE = YES;
				CLANG_WARN__DUPLICATE_METHOD_MATCH = YES;
				COPY_PHASE_STRIP = NO;
				DEBUG_INFORMATION_FORMAT = "dwarf-with-dsym";
				ENABLE_NS_ASSERTIONS = NO;
				ENABLE_STRICT_OBJC_MSGSEND = YES;
				GCC_C_LANGUAGE_STANDARD = gnu11;
				GCC_NO_COMMON_BLOCKS = YES;
				GCC_WARN_64_TO_32_BIT_CONVERSION = YES;
				GCC_WARN_ABOUT_RETURN_TYPE = YES_ERROR;
				GCC_WARN_UNDECLARED_SELECTOR = YES;
				GCC_WARN_UNINITIALIZED_AUTOS = YES_AGGRESSIVE;
				GCC_WARN_UNUSED_FUNCTION = YES;
				GCC_WARN_UNUSED_VARIABLE = YES;
				IPHONEOS_DEPLOYMENT_TARGET = 16.2;
				MTL_ENABLE_DEBUG_INFO = NO;
				MTL_FAST_MATH = YES;
				SDKROOT = iphoneos;
				SWIFT_COMPILATION_MODE = wholemodule;
				SWIFT_OPTIMIZATION_LEVEL = "-O";
				VALIDATE_PRODUCT = YES;
			};
			name = Release;
		};
		D16446672A8DFF9400E6E4B2 /* Debug */ = {
			isa = XCBuildConfiguration;
			baseConfigurationReference = CEA347D1EE11166C7BBA81B5 /* Pods-RickAndMortyApp.debug.xcconfig */;
			buildSettings = {
				ASSETCATALOG_COMPILER_APPICON_NAME = AppIcon;
				ASSETCATALOG_COMPILER_GLOBAL_ACCENT_COLOR_NAME = AccentColor;
				CODE_SIGN_STYLE = Automatic;
				CURRENT_PROJECT_VERSION = 1;
				DEVELOPMENT_TEAM = 8KV7G2XJQV;
				GENERATE_INFOPLIST_FILE = YES;
				INFOPLIST_FILE = RickAndMortyApp/Info.plist;
				INFOPLIST_KEY_UIApplicationSupportsIndirectInputEvents = YES;
				INFOPLIST_KEY_UILaunchStoryboardName = LaunchScreen;
				INFOPLIST_KEY_UISupportedInterfaceOrientations_iPad = "UIInterfaceOrientationPortrait UIInterfaceOrientationPortraitUpsideDown UIInterfaceOrientationLandscapeLeft UIInterfaceOrientationLandscapeRight";
				INFOPLIST_KEY_UISupportedInterfaceOrientations_iPhone = "UIInterfaceOrientationPortrait UIInterfaceOrientationLandscapeLeft UIInterfaceOrientationLandscapeRight";
				LD_RUNPATH_SEARCH_PATHS = (
					"$(inherited)",
					"@executable_path/Frameworks",
				);
				MARKETING_VERSION = 1.0;
				PRODUCT_BUNDLE_IDENTIFIER = com.raywenderlich.RickAndMortyApp;
				PRODUCT_NAME = "$(TARGET_NAME)";
				SWIFT_EMIT_LOC_STRINGS = YES;
				SWIFT_VERSION = 5.0;
				TARGETED_DEVICE_FAMILY = "1,2";
			};
			name = Debug;
		};
		D16446682A8DFF9400E6E4B2 /* Release */ = {
			isa = XCBuildConfiguration;
			baseConfigurationReference = D3B57172F087F1CA07F0E82C /* Pods-RickAndMortyApp.release.xcconfig */;
			buildSettings = {
				ASSETCATALOG_COMPILER_APPICON_NAME = AppIcon;
				ASSETCATALOG_COMPILER_GLOBAL_ACCENT_COLOR_NAME = AccentColor;
				CODE_SIGN_STYLE = Automatic;
				CURRENT_PROJECT_VERSION = 1;
				DEVELOPMENT_TEAM = 8KV7G2XJQV;
				GENERATE_INFOPLIST_FILE = YES;
				INFOPLIST_FILE = RickAndMortyApp/Info.plist;
				INFOPLIST_KEY_UIApplicationSupportsIndirectInputEvents = YES;
				INFOPLIST_KEY_UILaunchStoryboardName = LaunchScreen;
				INFOPLIST_KEY_UISupportedInterfaceOrientations_iPad = "UIInterfaceOrientationPortrait UIInterfaceOrientationPortraitUpsideDown UIInterfaceOrientationLandscapeLeft UIInterfaceOrientationLandscapeRight";
				INFOPLIST_KEY_UISupportedInterfaceOrientations_iPhone = "UIInterfaceOrientationPortrait UIInterfaceOrientationLandscapeLeft UIInterfaceOrientationLandscapeRight";
				LD_RUNPATH_SEARCH_PATHS = (
					"$(inherited)",
					"@executable_path/Frameworks",
				);
				MARKETING_VERSION = 1.0;
				PRODUCT_BUNDLE_IDENTIFIER = com.raywenderlich.RickAndMortyApp;
				PRODUCT_NAME = "$(TARGET_NAME)";
				SWIFT_EMIT_LOC_STRINGS = YES;
				SWIFT_VERSION = 5.0;
				TARGETED_DEVICE_FAMILY = "1,2";
			};
			name = Release;
		};
/* End XCBuildConfiguration section */

/* Begin XCConfigurationList section */
		D164464D2A8DFF9300E6E4B2 /* Build configuration list for PBXProject "RickAndMortyApp" */ = {
			isa = XCConfigurationList;
			buildConfigurations = (
				D16446642A8DFF9400E6E4B2 /* Debug */,
				D16446652A8DFF9400E6E4B2 /* Release */,
			);
			defaultConfigurationIsVisible = 0;
			defaultConfigurationName = Release;
		};
		D16446662A8DFF9400E6E4B2 /* Build configuration list for PBXNativeTarget "RickAndMortyApp" */ = {
			isa = XCConfigurationList;
			buildConfigurations = (
				D16446672A8DFF9400E6E4B2 /* Debug */,
				D16446682A8DFF9400E6E4B2 /* Release */,
			);
			defaultConfigurationIsVisible = 0;
			defaultConfigurationName = Release;
		};
/* End XCConfigurationList section */
	};
	rootObject = D164464A2A8DFF9300E6E4B2 /* Project object */;
}
